
Microsoft Visual Studio Solution File, Format Version 12.00
# Visual Studio Version 16
VisualStudioVersion = 16.0.31515.178
MinimumVisualStudioVersion = 10.0.40219.1
Project("{9A19103F-16F7-4668-BE54-9A1E7A4F7556}") = "UnluCo.Education.ExtensionMethods", "UnluCo.Education.ExtensionMethods\UnluCo.Education.ExtensionMethods.csproj", "{C5DDAE38-1136-414A-A598-2978FEF379D5}"
EndProject
Project("{9A19103F-16F7-4668-BE54-9A1E7A4F7556}") = "PaswordExtensionProject", "PaswordExtensionProject\PaswordExtensionProject.csproj", "{D1821695-818D-42F7-A55D-0659D8770AFF}"
EndProject
Global
	GlobalSection(SolutionConfigurationPlatforms) = preSolution
		Debug|Any CPU = Debug|Any CPU
		Release|Any CPU = Release|Any CPU
	EndGlobalSection
	GlobalSection(ProjectConfigurationPlatforms) = postSolution
		{C5DDAE38-1136-414A-A598-2978FEF379D5}.Debug|Any CPU.ActiveCfg = Debug|Any CPU
		{C5DDAE38-1136-414A-A598-2978FEF379D5}.Debug|Any CPU.Build.0 = Debug|Any CPU
		{C5DDAE38-1136-414A-A598-2978FEF379D5}.Release|Any CPU.ActiveCfg = Release|Any CPU
		{C5DDAE38-1136-414A-A598-2978FEF379D5}.Release|Any CPU.Build.0 = Release|Any CPU
		{D1821695-818D-42F7-A55D-0659D8770AFF}.Debug|Any CPU.ActiveCfg = Debug|Any CPU
		{D1821695-818D-42F7-A55D-0659D8770AFF}.Debug|Any CPU.Build.0 = Debug|Any CPU
		{D1821695-818D-42F7-A55D-0659D8770AFF}.Release|Any CPU.ActiveCfg = Release|Any CPU
		{D1821695-818D-42F7-A55D-0659D8770AFF}.Release|Any CPU.Build.0 = Release|Any CPU
	EndGlobalSection
	GlobalSection(SolutionProperties) = preSolution
		HideSolutionNode = FALSE
	EndGlobalSection
	GlobalSection(ExtensibilityGlobals) = postSolution
		SolutionGuid = {6ED16C29-3977-4DA3-8800-853F764EB454}
	EndGlobalSection
EndGlobal
